
Microsoft Visual Studio Solution File, Format Version 12.00
# Visual Studio 15
VisualStudioVersion = 15.0.28307.1433
MinimumVisualStudioVersion = 10.0.40219.1
Project("{FAE04EC0-301F-11D3-BF4B-00C04F79EFBC}") = "dzrarma3lib", "AARecorder\dzrarma3lib.csproj", "{B76BC81C-9FE1-4EB5-8CD5-2059601D32C2}"
EndProject
Project("{FAE04EC0-301F-11D3-BF4B-00C04F79EFBC}") = "DZR_Arma_ExtEmu_WPF", "WpfApp1\DZR_Arma_ExtEmu_WPF.csproj", "{B380C965-C8D5-483D-8B7D-EBB310BAE040}"
EndProject
Project("{FAE04EC0-301F-11D3-BF4B-00C04F79EFBC}") = "DZR_Arma3_ExtEmu", "DZR_Arma3_ExtEmu\DZR_Arma3_ExtEmu.csproj", "{D6388135-0916-48F1-8E65-18C431619779}"
EndProject
Global
	GlobalSection(SolutionConfigurationPlatforms) = preSolution
		Debug|Any CPU = Debug|Any CPU
		Release|Any CPU = Release|Any CPU
	EndGlobalSection
	GlobalSection(ProjectConfigurationPlatforms) = postSolution
		{B76BC81C-9FE1-4EB5-8CD5-2059601D32C2}.Debug|Any CPU.ActiveCfg = Debug|Any CPU
		{B76BC81C-9FE1-4EB5-8CD5-2059601D32C2}.Debug|Any CPU.Build.0 = Debug|Any CPU
		{B76BC81C-9FE1-4EB5-8CD5-2059601D32C2}.Release|Any CPU.ActiveCfg = Release|Any CPU
		{B76BC81C-9FE1-4EB5-8CD5-2059601D32C2}.Release|Any CPU.Build.0 = Release|Any CPU
		{B380C965-C8D5-483D-8B7D-EBB310BAE040}.Debug|Any CPU.ActiveCfg = Debug|Any CPU
		{B380C965-C8D5-483D-8B7D-EBB310BAE040}.Debug|Any CPU.Build.0 = Debug|Any CPU
		{B380C965-C8D5-483D-8B7D-EBB310BAE040}.Release|Any CPU.ActiveCfg = Release|Any CPU
		{B380C965-C8D5-483D-8B7D-EBB310BAE040}.Release|Any CPU.Build.0 = Release|Any CPU
		{D6388135-0916-48F1-8E65-18C431619779}.Debug|Any CPU.ActiveCfg = Debug|Any CPU
		{D6388135-0916-48F1-8E65-18C431619779}.Debug|Any CPU.Build.0 = Debug|Any CPU
		{D6388135-0916-48F1-8E65-18C431619779}.Release|Any CPU.ActiveCfg = Release|Any CPU
		{D6388135-0916-48F1-8E65-18C431619779}.Release|Any CPU.Build.0 = Release|Any CPU
	EndGlobalSection
	GlobalSection(SolutionProperties) = preSolution
		HideSolutionNode = FALSE
	EndGlobalSection
	GlobalSection(ExtensibilityGlobals) = postSolution
		SolutionGuid = {80620F26-A730-4E76-84B0-D07C92EDE86E}
	EndGlobalSection
EndGlobal
